
Microsoft Visual Studio Solution File, Format Version 12.00
Project("{FAE04EC0-301F-11D3-BF4B-00C04F79EFBC}") = "APITest1", "APITest1\APITest1.csproj", "{6E5D0387-25C8-4D1C-9B30-2C66874E88AB}"
EndProject
Global
	GlobalSection(SolutionConfigurationPlatforms) = preSolution
		Debug|Any CPU = Debug|Any CPU
		Release|Any CPU = Release|Any CPU
	EndGlobalSection
	GlobalSection(ProjectConfigurationPlatforms) = postSolution
		{6E5D0387-25C8-4D1C-9B30-2C66874E88AB}.Debug|Any CPU.ActiveCfg = Debug|Any CPU
		{6E5D0387-25C8-4D1C-9B30-2C66874E88AB}.Debug|Any CPU.Build.0 = Debug|Any CPU
		{6E5D0387-25C8-4D1C-9B30-2C66874E88AB}.Release|Any CPU.ActiveCfg = Release|Any CPU
		{6E5D0387-25C8-4D1C-9B30-2C66874E88AB}.Release|Any CPU.Build.0 = Release|Any CPU
	EndGlobalSection
EndGlobal
